// !$*UTF8*$!
{
	archiveVersion = 1;
	classes = {
	};
	objectVersion = 77;
	objects = {

/* Begin PBXBuildFile section */
		967FEEFB2D9D9E020059E87A /* Lottie in Frameworks */ = {isa = PBXBuildFile; productRef = 967FEEFA2D9D9E020059E87A /* Lottie */; };
		967FEF9E2D9DAD680059E87A /* GoogleSignInSwift in Frameworks */ = {isa = PBXBuildFile; productRef = 967FEF9D2D9DAD680059E87A /* GoogleSignInSwift */; };
		96894FF92D997B2100B71113 /* Auth in Frameworks */ = {isa = PBXBuildFile; productRef = 96894FF82D997B2100B71113 /* Auth */; };
		96894FFB2D997B2100B71113 /* Functions in Frameworks */ = {isa = PBXBuildFile; productRef = 96894FFA2D997B2100B71113 /* Functions */; };
		96894FFD2D997B2100B71113 /* PostgREST in Frameworks */ = {isa = PBXBuildFile; productRef = 96894FFC2D997B2100B71113 /* PostgREST */; };
		96894FFF2D997B2100B71113 /* Realtime in Frameworks */ = {isa = PBXBuildFile; productRef = 96894FFE2D997B2100B71113 /* Realtime */; };
		968950012D997B2100B71113 /* Storage in Frameworks */ = {isa = PBXBuildFile; productRef = 968950002D997B2100B71113 /* Storage */; };
		968950032D997B2100B71113 /* Supabase in Frameworks */ = {isa = PBXBuildFile; productRef = 968950022D997B2100B71113 /* Supabase */; };
/* End PBXBuildFile section */

/* Begin PBXContainerItemProxy section */
		96894F832D9964D000B71113 /* PBXContainerItemProxy */ = {
			isa = PBXContainerItemProxy;
			containerPortal = 96894F6A2D9964CE00B71113 /* Project object */;
			proxyType = 1;
			remoteGlobalIDString = 96894F712D9964CE00B71113;
			remoteInfo = "List It";
		};
		96894F8D2D9964D000B71113 /* PBXContainerItemProxy */ = {
			isa = PBXContainerItemProxy;
			containerPortal = 96894F6A2D9964CE00B71113 /* Project object */;
			proxyType = 1;
			remoteGlobalIDString = 96894F712D9964CE00B71113;
			remoteInfo = "List It";
		};
/* End PBXContainerItemProxy section */

/* Begin PBXFileReference section */
		96894F722D9964CE00B71113 /* List It.app */ = {isa = PBXFileReference; explicitFileType = wrapper.application; includeInIndex = 0; path = "List It.app"; sourceTree = BUILT_PRODUCTS_DIR; };
		96894F822D9964D000B71113 /* List ItTests.xctest */ = {isa = PBXFileReference; explicitFileType = wrapper.cfbundle; includeInIndex = 0; path = "List ItTests.xctest"; sourceTree = BUILT_PRODUCTS_DIR; };
		96894F8C2D9964D000B71113 /* List ItUITests.xctest */ = {isa = PBXFileReference; explicitFileType = wrapper.cfbundle; includeInIndex = 0; path = "List ItUITests.xctest"; sourceTree = BUILT_PRODUCTS_DIR; };
/* End PBXFileReference section */

/* Begin PBXFileSystemSynchronizedRootGroup section */
		96894F742D9964CE00B71113 /* List It */ = {
			isa = PBXFileSystemSynchronizedRootGroup;
			path = "List It";
			sourceTree = "<group>";
		};
		96894F852D9964D000B71113 /* List ItTests */ = {
			isa = PBXFileSystemSynchronizedRootGroup;
			path = "List ItTests";
			sourceTree = "<group>";
		};
		96894F8F2D9964D000B71113 /* List ItUITests */ = {
			isa = PBXFileSystemSynchronizedRootGroup;
			path = "List ItUITests";
			sourceTree = "<group>";
		};
/* End PBXFileSystemSynchronizedRootGroup section */

/* Begin PBXFrameworksBuildPhase section */
		96894F6F2D9964CE00B71113 /* Frameworks */ = {
			isa = PBXFrameworksBuildPhase;
			buildActionMask = 2147483647;
			files = (
				967FEF9E2D9DAD680059E87A /* GoogleSignInSwift in Frameworks */,
				96894FFD2D997B2100B71113 /* PostgREST in Frameworks */,
				967FEEFB2D9D9E020059E87A /* Lottie in Frameworks */,
				96894FFB2D997B2100B71113 /* Functions in Frameworks */,
				968950032D997B2100B71113 /* Supabase in Frameworks */,
				96894FF92D997B2100B71113 /* Auth in Frameworks */,
				968950012D997B2100B71113 /* Storage in Frameworks */,
				96894FFF2D997B2100B71113 /* Realtime in Frameworks */,
			);
			runOnlyForDeploymentPostprocessing = 0;
		};
		96894F7F2D9964D000B71113 /* Frameworks */ = {
			isa = PBXFrameworksBuildPhase;
			buildActionMask = 2147483647;
			files = (
			);
			runOnlyForDeploymentPostprocessing = 0;
		};
		96894F892D9964D000B71113 /* Frameworks */ = {
			isa = PBXFrameworksBuildPhase;
			buildActionMask = 2147483647;
			files = (
			);
			runOnlyForDeploymentPostprocessing = 0;
		};
/* End PBXFrameworksBuildPhase section */

/* Begin PBXGroup section */
		96894F692D9964CE00B71113 = {
			isa = PBXGroup;
			children = (
				96894F742D9964CE00B71113 /* List It */,
				96894F852D9964D000B71113 /* List ItTests */,
				96894F8F2D9964D000B71113 /* List ItUITests */,
				96894F732D9964CE00B71113 /* Products */,
			);
			sourceTree = "<group>";
		};
		96894F732D9964CE00B71113 /* Products */ = {
			isa = PBXGroup;
			children = (
				96894F722D9964CE00B71113 /* List It.app */,
				96894F822D9964D000B71113 /* List ItTests.xctest */,
				96894F8C2D9964D000B71113 /* List ItUITests.xctest */,
			);
			name = Products;
			sourceTree = "<group>";
		};
/* End PBXGroup section */

/* Begin PBXNativeTarget section */
		96894F712D9964CE00B71113 /* List It */ = {
			isa = PBXNativeTarget;
			buildConfigurationList = 96894F962D9964D000B71113 /* Build configuration list for PBXNativeTarget "List It" */;
			buildPhases = (
				96894F6E2D9964CE00B71113 /* Sources */,
				96894F6F2D9964CE00B71113 /* Frameworks */,
				96894F702D9964CE00B71113 /* Resources */,
			);
			buildRules = (
			);
			dependencies = (
			);
			fileSystemSynchronizedGroups = (
				96894F742D9964CE00B71113 /* List It */,
			);
			name = "List It";
			packageProductDependencies = (
				96894FF82D997B2100B71113 /* Auth */,
				96894FFA2D997B2100B71113 /* Functions */,
				96894FFC2D997B2100B71113 /* PostgREST */,
				96894FFE2D997B2100B71113 /* Realtime */,
				968950002D997B2100B71113 /* Storage */,
				968950022D997B2100B71113 /* Supabase */,
				967FEEFA2D9D9E020059E87A /* Lottie */,
				967FEF9D2D9DAD680059E87A /* GoogleSignInSwift */,
			);
			productName = "List It";
			productReference = 96894F722D9964CE00B71113 /* List It.app */;
			productType = "com.apple.product-type.application";
		};
		96894F812D9964D000B71113 /* List ItTests */ = {
			isa = PBXNativeTarget;
			buildConfigurationList = 96894F992D9964D000B71113 /* Build configuration list for PBXNativeTarget "List ItTests" */;
			buildPhases = (
				96894F7E2D9964D000B71113 /* Sources */,
				96894F7F2D9964D000B71113 /* Frameworks */,
				96894F802D9964D000B71113 /* Resources */,
			);
			buildRules = (
			);
			dependencies = (
				96894F842D9964D000B71113 /* PBXTargetDependency */,
			);
			fileSystemSynchronizedGroups = (
				96894F852D9964D000B71113 /* List ItTests */,
			);
			name = "List ItTests";
			packageProductDependencies = (
			);
			productName = "List ItTests";
			productReference = 96894F822D9964D000B71113 /* List ItTests.xctest */;
			productType = "com.apple.product-type.bundle.unit-test";
		};
		96894F8B2D9964D000B71113 /* List ItUITests */ = {
			isa = PBXNativeTarget;
			buildConfigurationList = 96894F9C2D9964D000B71113 /* Build configuration list for PBXNativeTarget "List ItUITests" */;
			buildPhases = (
				96894F882D9964D000B71113 /* Sources */,
				96894F892D9964D000B71113 /* Frameworks */,
				96894F8A2D9964D000B71113 /* Resources */,
			);
			buildRules = (
			);
			dependencies = (
				96894F8E2D9964D000B71113 /* PBXTargetDependency */,
			);
			fileSystemSynchronizedGroups = (
				96894F8F2D9964D000B71113 /* List ItUITests */,
			);
			name = "List ItUITests";
			packageProductDependencies = (
			);
			productName = "List ItUITests";
			productReference = 96894F8C2D9964D000B71113 /* List ItUITests.xctest */;
			productType = "com.apple.product-type.bundle.ui-testing";
		};
/* End PBXNativeTarget section */

/* Begin PBXProject section */
		96894F6A2D9964CE00B71113 /* Project object */ = {
			isa = PBXProject;
			attributes = {
				BuildIndependentTargetsInParallel = 1;
				LastSwiftUpdateCheck = 1620;
				LastUpgradeCheck = 1620;
				TargetAttributes = {
					96894F712D9964CE00B71113 = {
						CreatedOnToolsVersion = 16.2;
					};
					96894F812D9964D000B71113 = {
						CreatedOnToolsVersion = 16.2;
						TestTargetID = 96894F712D9964CE00B71113;
					};
					96894F8B2D9964D000B71113 = {
						CreatedOnToolsVersion = 16.2;
						TestTargetID = 96894F712D9964CE00B71113;
					};
				};
			};
			buildConfigurationList = 96894F6D2D9964CE00B71113 /* Build configuration list for PBXProject "List It" */;
			developmentRegion = en;
			hasScannedForEncodings = 0;
			knownRegions = (
				en,
				Base,
			);
			mainGroup = 96894F692D9964CE00B71113;
			minimizedProjectReferenceProxies = 1;
			packageReferences = (
				96894FF72D997B2100B71113 /* XCRemoteSwiftPackageReference "supabase-swift" */,
				967FEEF92D9D9E020059E87A /* XCRemoteSwiftPackageReference "lottie-ios" */,
				967FEF9A2D9DAD680059E87A /* XCRemoteSwiftPackageReference "GoogleSignIn-iOS" */,
			);
			preferredProjectObjectVersion = 77;
			productRefGroup = 96894F732D9964CE00B71113 /* Products */;
			projectDirPath = "";
			projectRoot = "";
			targets = (
				96894F712D9964CE00B71113 /* List It */,
				96894F812D9964D000B71113 /* List ItTests */,
				96894F8B2D9964D000B71113 /* List ItUITests */,
			);
		};
/* End PBXProject section */

/* Begin PBXResourcesBuildPhase section */
		96894F702D9964CE00B71113 /* Resources */ = {
			isa = PBXResourcesBuildPhase;
			buildActionMask = 2147483647;
			files = (
			);
			runOnlyForDeploymentPostprocessing = 0;
		};
		96894F802D9964D000B71113 /* Resources */ = {
			isa = PBXResourcesBuildPhase;
			buildActionMask = 2147483647;
			files = (
			);
			runOnlyForDeploymentPostprocessing = 0;
		};
		96894F8A2D9964D000B71113 /* Resources */ = {
			isa = PBXResourcesBuildPhase;
			buildActionMask = 2147483647;
			files = (
			);
			runOnlyForDeploymentPostprocessing = 0;
		};
/* End PBXResourcesBuildPhase section */

/* Begin PBXSourcesBuildPhase section */
		96894F6E2D9964CE00B71113 /* Sources */ = {
			isa = PBXSourcesBuildPhase;
			buildActionMask = 2147483647;
			files = (
			);
			runOnlyForDeploymentPostprocessing = 0;
		};
		96894F7E2D9964D000B71113 /* Sources */ = {
			isa = PBXSourcesBuildPhase;
			buildActionMask = 2147483647;
			files = (
			);
			runOnlyForDeploymentPostprocessing = 0;
		};
		96894F882D9964D000B71113 /* Sources */ = {
			isa = PBXSourcesBuildPhase;
			buildActionMask = 2147483647;
			files = (
			);
			runOnlyForDeploymentPostprocessing = 0;
		};
/* End PBXSourcesBuildPhase section */

/* Begin PBXTargetDependency section */
		96894F842D9964D000B71113 /* PBXTargetDependency */ = {
			isa = PBXTargetDependency;
			target = 96894F712D9964CE00B71113 /* List It */;
			targetProxy = 96894F832D9964D000B71113 /* PBXContainerItemProxy */;
		};
		96894F8E2D9964D000B71113 /* PBXTargetDependency */ = {
			isa = PBXTargetDependency;
			target = 96894F712D9964CE00B71113 /* List It */;
			targetProxy = 96894F8D2D9964D000B71113 /* PBXContainerItemProxy */;
		};
/* End PBXTargetDependency section */

/* Begin XCBuildConfiguration section */
		96894F942D9964D000B71113 /* Debug */ = {
			isa = XCBuildConfiguration;
			buildSettings = {
				ALWAYS_SEARCH_USER_PATHS = NO;
				ASSETCATALOG_COMPILER_GENERATE_SWIFT_ASSET_SYMBOL_EXTENSIONS = YES;
				CLANG_ANALYZER_NONNULL = YES;
				CLANG_ANALYZER_NUMBER_OBJECT_CONVERSION = YES_AGGRESSIVE;
				CLANG_CXX_LANGUAGE_STANDARD = "gnu++20";
				CLANG_ENABLE_MODULES = YES;
				CLANG_ENABLE_OBJC_ARC = YES;
				CLANG_ENABLE_OBJC_WEAK = YES;
				CLANG_WARN_BLOCK_CAPTURE_AUTORELEASING = YES;
				CLANG_WARN_BOOL_CONVERSION = YES;
				CLANG_WARN_COMMA = YES;
				CLANG_WARN_CONSTANT_CONVERSION = YES;
				CLANG_WARN_DEPRECATED_OBJC_IMPLEMENTATIONS = YES;
				CLANG_WARN_DIRECT_OBJC_ISA_USAGE = YES_ERROR;
				CLANG_WARN_DOCUMENTATION_COMMENTS = YES;
				CLANG_WARN_EMPTY_BODY = YES;
				CLANG_WARN_ENUM_CONVERSION = YES;
				CLANG_WARN_INFINITE_RECURSION = YES;
				CLANG_WARN_INT_CONVERSION = YES;
				CLANG_WARN_NON_LITERAL_NULL_CONVERSION = YES;
				CLANG_WARN_OBJC_IMPLICIT_RETAIN_SELF = YES;
				CLANG_WARN_OBJC_LITERAL_CONVERSION = YES;
				CLANG_WARN_OBJC_ROOT_CLASS = YES_ERROR;
				CLANG_WARN_QUOTED_INCLUDE_IN_FRAMEWORK_HEADER = YES;
				CLANG_WARN_RANGE_LOOP_ANALYSIS = YES;
				CLANG_WARN_STRICT_PROTOTYPES = YES;
				CLANG_WARN_SUSPICIOUS_MOVE = YES;
				CLANG_WARN_UNGUARDED_AVAILABILITY = YES_AGGRESSIVE;
				CLANG_WARN_UNREACHABLE_CODE = YES;
				CLANG_WARN__DUPLICATE_METHOD_MATCH = YES;
				COPY_PHASE_STRIP = NO;
				DEBUG_INFORMATION_FORMAT = dwarf;
				ENABLE_STRICT_OBJC_MSGSEND = YES;
				ENABLE_TESTABILITY = YES;
				ENABLE_USER_SCRIPT_SANDBOXING = YES;
				GCC_C_LANGUAGE_STANDARD = gnu17;
				GCC_DYNAMIC_NO_PIC = NO;
				GCC_NO_COMMON_BLOCKS = YES;
				GCC_OPTIMIZATION_LEVEL = 0;
				GCC_PREPROCESSOR_DEFINITIONS = (
					"DEBUG=1",
					"$(inherited)",
				);
				GCC_WARN_64_TO_32_BIT_CONVERSION = YES;
				GCC_WARN_ABOUT_RETURN_TYPE = YES_ERROR;
				GCC_WARN_UNDECLARED_SELECTOR = YES;
				GCC_WARN_UNINITIALIZED_AUTOS = YES_AGGRESSIVE;
				GCC_WARN_UNUSED_FUNCTION = YES;
				GCC_WARN_UNUSED_VARIABLE = YES;
				IPHONEOS_DEPLOYMENT_TARGET = 18.2;
				LOCALIZATION_PREFERS_STRING_CATALOGS = YES;
				MTL_ENABLE_DEBUG_INFO = INCLUDE_SOURCE;
				MTL_FAST_MATH = YES;
				ONLY_ACTIVE_ARCH = YES;
				SDKROOT = iphoneos;
				SWIFT_ACTIVE_COMPILATION_CONDITIONS = "DEBUG $(inherited)";
				SWIFT_OPTIMIZATION_LEVEL = "-Onone";
			};
			name = Debug;
		};
		96894F952D9964D000B71113 /* Release */ = {
			isa = XCBuildConfiguration;
			buildSettings = {
				ALWAYS_SEARCH_USER_PATHS = NO;
				ASSETCATALOG_COMPILER_GENERATE_SWIFT_ASSET_SYMBOL_EXTENSIONS = YES;
				CLANG_ANALYZER_NONNULL = YES;
				CLANG_ANALYZER_NUMBER_OBJECT_CONVERSION = YES_AGGRESSIVE;
				CLANG_CXX_LANGUAGE_STANDARD = "gnu++20";
				CLANG_ENABLE_MODULES = YES;
				CLANG_ENABLE_OBJC_ARC = YES;
				CLANG_ENABLE_OBJC_WEAK = YES;
				CLANG_WARN_BLOCK_CAPTURE_AUTORELEASING = YES;
				CLANG_WARN_BOOL_CONVERSION = YES;
				CLANG_WARN_COMMA = YES;
				CLANG_WARN_CONSTANT_CONVERSION = YES;
				CLANG_WARN_DEPRECATED_OBJC_IMPLEMENTATIONS = YES;
				CLANG_WARN_DIRECT_OBJC_ISA_USAGE = YES_ERROR;
				CLANG_WARN_DOCUMENTATION_COMMENTS = YES;
				CLANG_WARN_EMPTY_BODY = YES;
				CLANG_WARN_ENUM_CONVERSION = YES;
				CLANG_WARN_INFINITE_RECURSION = YES;
				CLANG_WARN_INT_CONVERSION = YES;
				CLANG_WARN_NON_LITERAL_NULL_CONVERSION = YES;
				CLANG_WARN_OBJC_IMPLICIT_RETAIN_SELF = YES;
				CLANG_WARN_OBJC_LITERAL_CONVERSION = YES;
				CLANG_WARN_OBJC_ROOT_CLASS = YES_ERROR;
				CLANG_WARN_QUOTED_INCLUDE_IN_FRAMEWORK_HEADER = YES;
				CLANG_WARN_RANGE_LOOP_ANALYSIS = YES;
				CLANG_WARN_STRICT_PROTOTYPES = YES;
				CLANG_WARN_SUSPICIOUS_MOVE = YES;
				CLANG_WARN_UNGUARDED_AVAILABILITY = YES_AGGRESSIVE;
				CLANG_WARN_UNREACHABLE_CODE = YES;
				CLANG_WARN__DUPLICATE_METHOD_MATCH = YES;
				COPY_PHASE_STRIP = NO;
				DEBUG_INFORMATION_FORMAT = "dwarf-with-dsym";
				ENABLE_NS_ASSERTIONS = NO;
				ENABLE_STRICT_OBJC_MSGSEND = YES;
				ENABLE_USER_SCRIPT_SANDBOXING = YES;
				GCC_C_LANGUAGE_STANDARD = gnu17;
				GCC_NO_COMMON_BLOCKS = YES;
				GCC_WARN_64_TO_32_BIT_CONVERSION = YES;
				GCC_WARN_ABOUT_RETURN_TYPE = YES_ERROR;
				GCC_WARN_UNDECLARED_SELECTOR = YES;
				GCC_WARN_UNINITIALIZED_AUTOS = YES_AGGRESSIVE;
				GCC_WARN_UNUSED_FUNCTION = YES;
				GCC_WARN_UNUSED_VARIABLE = YES;
				IPHONEOS_DEPLOYMENT_TARGET = 18.2;
				LOCALIZATION_PREFERS_STRING_CATALOGS = YES;
				MTL_ENABLE_DEBUG_INFO = NO;
				MTL_FAST_MATH = YES;
				SDKROOT = iphoneos;
				SWIFT_COMPILATION_MODE = wholemodule;
				VALIDATE_PRODUCT = YES;
			};
			name = Release;
		};
		96894F972D9964D000B71113 /* Debug */ = {
			isa = XCBuildConfiguration;
			buildSettings = {
				ASSETCATALOG_COMPILER_APPICON_NAME = AppIcon;
				ASSETCATALOG_COMPILER_GLOBAL_ACCENT_COLOR_NAME = AccentColor;
				CODE_SIGN_STYLE = Automatic;
				CURRENT_PROJECT_VERSION = 1;
				DEVELOPMENT_ASSET_PATHS = "\"List It/Preview Content\"";
				DEVELOPMENT_TEAM = N8K7U35P26;
				ENABLE_PREVIEWS = YES;
				GENERATE_INFOPLIST_FILE = YES;
				INFOPLIST_FILE = "List-It-Info.plist";
				INFOPLIST_KEY_CFBundleDisplayName = "List-it";
				INFOPLIST_KEY_LSApplicationCategoryType = "public.app-category.productivity";
				INFOPLIST_KEY_UIApplicationSceneManifest_Generation = YES;
				INFOPLIST_KEY_UIApplicationSupportsIndirectInputEvents = YES;
				INFOPLIST_KEY_UILaunchScreen_Generation = YES;
				INFOPLIST_KEY_UISupportedInterfaceOrientations = UIInterfaceOrientationPortrait;
				INFOPLIST_KEY_UISupportedInterfaceOrientations_iPad = "UIInterfaceOrientationLandscapeLeft UIInterfaceOrientationLandscapeRight UIInterfaceOrientationPortrait UIInterfaceOrientationPortraitUpsideDown";
				IPHONEOS_DEPLOYMENT_TARGET = 18.0;
				LD_RUNPATH_SEARCH_PATHS = (
					"$(inherited)",
					"@executable_path/Frameworks",
				);
				MARKETING_VERSION = 1.0;
				PRODUCT_BUNDLE_IDENTIFIER = "com.abdul.List-It";
				PRODUCT_NAME = "$(TARGET_NAME)";
				SWIFT_EMIT_LOC_STRINGS = YES;
				SWIFT_VERSION = 5.0;
				TARGETED_DEVICE_FAMILY = "1,2";
			};
			name = Debug;
		};
		96894F982D9964D000B71113 /* Release */ = {
			isa = XCBuildConfiguration;
			buildSettings = {
				ASSETCATALOG_COMPILER_APPICON_NAME = AppIcon;
				ASSETCATALOG_COMPILER_GLOBAL_ACCENT_COLOR_NAME = AccentColor;
				CODE_SIGN_STYLE = Automatic;
				CURRENT_PROJECT_VERSION = 1;
				DEVELOPMENT_ASSET_PATHS = "\"List It/Preview Content\"";
				DEVELOPMENT_TEAM = N8K7U35P26;
				ENABLE_PREVIEWS = YES;
				GENERATE_INFOPLIST_FILE = YES;
				INFOPLIST_FILE = "List-It-Info.plist";
				INFOPLIST_KEY_CFBundleDisplayName = "List-it";
				INFOPLIST_KEY_LSApplicationCategoryType = "public.app-category.productivity";
				INFOPLIST_KEY_UIApplicationSceneManifest_Generation = YES;
				INFOPLIST_KEY_UIApplicationSupportsIndirectInputEvents = YES;
				INFOPLIST_KEY_UILaunchScreen_Generation = YES;
				INFOPLIST_KEY_UISupportedInterfaceOrientations = UIInterfaceOrientationPortrait;
				INFOPLIST_KEY_UISupportedInterfaceOrientations_iPad = "UIInterfaceOrientationLandscapeLeft UIInterfaceOrientationLandscapeRight UIInterfaceOrientationPortrait UIInterfaceOrientationPortraitUpsideDown";
				IPHONEOS_DEPLOYMENT_TARGET = 18.0;
				LD_RUNPATH_SEARCH_PATHS = (
					"$(inherited)",
					"@executable_path/Frameworks",
				);
				MARKETING_VERSION = 1.0;
				PRODUCT_BUNDLE_IDENTIFIER = "com.abdul.List-It";
				PRODUCT_NAME = "$(TARGET_NAME)";
				SWIFT_EMIT_LOC_STRINGS = YES;
				SWIFT_VERSION = 5.0;
				TARGETED_DEVICE_FAMILY = "1,2";
			};
			name = Release;
		};
		96894F9A2D9964D000B71113 /* Debug */ = {
			isa = XCBuildConfiguration;
			buildSettings = {
				BUNDLE_LOADER = "$(TEST_HOST)";
				CODE_SIGN_STYLE = Automatic;
				CURRENT_PROJECT_VERSION = 1;
				DEVELOPMENT_TEAM = N8K7U35P26;
				GENERATE_INFOPLIST_FILE = YES;
				IPHONEOS_DEPLOYMENT_TARGET = 18.2;
				MARKETING_VERSION = 1.0;
				PRODUCT_BUNDLE_IDENTIFIER = "com.abdul.List-ItTests";
				PRODUCT_NAME = "$(TARGET_NAME)";
				SWIFT_EMIT_LOC_STRINGS = NO;
				SWIFT_VERSION = 5.0;
				TARGETED_DEVICE_FAMILY = "1,2";
				TEST_HOST = "$(BUILT_PRODUCTS_DIR)/List It.app/$(BUNDLE_EXECUTABLE_FOLDER_PATH)/List It";
			};
			name = Debug;
		};
		96894F9B2D9964D000B71113 /* Release */ = {
			isa = XCBuildConfiguration;
			buildSettings = {
				BUNDLE_LOADER = "$(TEST_HOST)";
				CODE_SIGN_STYLE = Automatic;
				CURRENT_PROJECT_VERSION = 1;
				DEVELOPMENT_TEAM = N8K7U35P26;
				GENERATE_INFOPLIST_FILE = YES;
				IPHONEOS_DEPLOYMENT_TARGET = 18.2;
				MARKETING_VERSION = 1.0;
				PRODUCT_BUNDLE_IDENTIFIER = "com.abdul.List-ItTests";
				PRODUCT_NAME = "$(TARGET_NAME)";
				SWIFT_EMIT_LOC_STRINGS = NO;
				SWIFT_VERSION = 5.0;
				TARGETED_DEVICE_FAMILY = "1,2";
				TEST_HOST = "$(BUILT_PRODUCTS_DIR)/List It.app/$(BUNDLE_EXECUTABLE_FOLDER_PATH)/List It";
			};
			name = Release;
		};
		96894F9D2D9964D000B71113 /* Debug */ = {
			isa = XCBuildConfiguration;
			buildSettings = {
				CODE_SIGN_STYLE = Automatic;
				CURRENT_PROJECT_VERSION = 1;
				DEVELOPMENT_TEAM = N8K7U35P26;
				GENERATE_INFOPLIST_FILE = YES;
				MARKETING_VERSION = 1.0;
				PRODUCT_BUNDLE_IDENTIFIER = "com.abdul.List-ItUITests";
				PRODUCT_NAME = "$(TARGET_NAME)";
				SWIFT_EMIT_LOC_STRINGS = NO;
				SWIFT_VERSION = 5.0;
				TARGETED_DEVICE_FAMILY = "1,2";
				TEST_TARGET_NAME = "List It";
			};
			name = Debug;
		};
		96894F9E2D9964D000B71113 /* Release */ = {
			isa = XCBuildConfiguration;
			buildSettings = {
				CODE_SIGN_STYLE = Automatic;
				CURRENT_PROJECT_VERSION = 1;
				DEVELOPMENT_TEAM = N8K7U35P26;
				GENERATE_INFOPLIST_FILE = YES;
				MARKETING_VERSION = 1.0;
				PRODUCT_BUNDLE_IDENTIFIER = "com.abdul.List-ItUITests";
				PRODUCT_NAME = "$(TARGET_NAME)";
				SWIFT_EMIT_LOC_STRINGS = NO;
				SWIFT_VERSION = 5.0;
				TARGETED_DEVICE_FAMILY = "1,2";
				TEST_TARGET_NAME = "List It";
			};
			name = Release;
		};
/* End XCBuildConfiguration section */

/* Begin XCConfigurationList section */
		96894F6D2D9964CE00B71113 /* Build configuration list for PBXProject "List It" */ = {
			isa = XCConfigurationList;
			buildConfigurations = (
				96894F942D9964D000B71113 /* Debug */,
				96894F952D9964D000B71113 /* Release */,
			);
			defaultConfigurationIsVisible = 0;
			defaultConfigurationName = Release;
		};
		96894F962D9964D000B71113 /* Build configuration list for PBXNativeTarget "List It" */ = {
			isa = XCConfigurationList;
			buildConfigurations = (
				96894F972D9964D000B71113 /* Debug */,
				96894F982D9964D000B71113 /* Release */,
			);
			defaultConfigurationIsVisible = 0;
			defaultConfigurationName = Release;
		};
		96894F992D9964D000B71113 /* Build configuration list for PBXNativeTarget "List ItTests" */ = {
			isa = XCConfigurationList;
			buildConfigurations = (
				96894F9A2D9964D000B71113 /* Debug */,
				96894F9B2D9964D000B71113 /* Release */,
			);
			defaultConfigurationIsVisible = 0;
			defaultConfigurationName = Release;
		};
		96894F9C2D9964D000B71113 /* Build configuration list for PBXNativeTarget "List ItUITests" */ = {
			isa = XCConfigurationList;
			buildConfigurations = (
				96894F9D2D9964D000B71113 /* Debug */,
				96894F9E2D9964D000B71113 /* Release */,
			);
			defaultConfigurationIsVisible = 0;
			defaultConfigurationName = Release;
		};
/* End XCConfigurationList section */

/* Begin XCRemoteSwiftPackageReference section */
		967FEEF92D9D9E020059E87A /* XCRemoteSwiftPackageReference "lottie-ios" */ = {
			isa = XCRemoteSwiftPackageReference;
			repositoryURL = "https://github.com/airbnb/lottie-ios";
			requirement = {
				kind = upToNextMajorVersion;
				minimumVersion = 4.5.1;
			};
		};
		967FEF9A2D9DAD680059E87A /* XCRemoteSwiftPackageReference "GoogleSignIn-iOS" */ = {
			isa = XCRemoteSwiftPackageReference;
			repositoryURL = "https://github.com/google/GoogleSignIn-iOS";
			requirement = {
				kind = upToNextMajorVersion;
				minimumVersion = 8.0.0;
			};
		};
		96894FF72D997B2100B71113 /* XCRemoteSwiftPackageReference "supabase-swift" */ = {
			isa = XCRemoteSwiftPackageReference;
			repositoryURL = "https://github.com/supabase-community/supabase-swift";
			requirement = {
				kind = upToNextMajorVersion;
				minimumVersion = 2.5.1;
			};
		};
/* End XCRemoteSwiftPackageReference section */

/* Begin XCSwiftPackageProductDependency section */
		967FEEFA2D9D9E020059E87A /* Lottie */ = {
			isa = XCSwiftPackageProductDependency;
			package = 967FEEF92D9D9E020059E87A /* XCRemoteSwiftPackageReference "lottie-ios" */;
			productName = Lottie;
		};
		967FEF9D2D9DAD680059E87A /* GoogleSignInSwift */ = {
			isa = XCSwiftPackageProductDependency;
			package = 967FEF9A2D9DAD680059E87A /* XCRemoteSwiftPackageReference "GoogleSignIn-iOS" */;
			productName = GoogleSignInSwift;
		};
		96894FF82D997B2100B71113 /* Auth */ = {
			isa = XCSwiftPackageProductDependency;
			package = 96894FF72D997B2100B71113 /* XCRemoteSwiftPackageReference "supabase-swift" */;
			productName = Auth;
		};
		96894FFA2D997B2100B71113 /* Functions */ = {
			isa = XCSwiftPackageProductDependency;
			package = 96894FF72D997B2100B71113 /* XCRemoteSwiftPackageReference "supabase-swift" */;
			productName = Functions;
		};
		96894FFC2D997B2100B71113 /* PostgREST */ = {
			isa = XCSwiftPackageProductDependency;
			package = 96894FF72D997B2100B71113 /* XCRemoteSwiftPackageReference "supabase-swift" */;
			productName = PostgREST;
		};
		96894FFE2D997B2100B71113 /* Realtime */ = {
			isa = XCSwiftPackageProductDependency;
			package = 96894FF72D997B2100B71113 /* XCRemoteSwiftPackageReference "supabase-swift" */;
			productName = Realtime;
		};
		968950002D997B2100B71113 /* Storage */ = {
			isa = XCSwiftPackageProductDependency;
			package = 96894FF72D997B2100B71113 /* XCRemoteSwiftPackageReference "supabase-swift" */;
			productName = Storage;
		};
		968950022D997B2100B71113 /* Supabase */ = {
			isa = XCSwiftPackageProductDependency;
			package = 96894FF72D997B2100B71113 /* XCRemoteSwiftPackageReference "supabase-swift" */;
			productName = Supabase;
		};
/* End XCSwiftPackageProductDependency section */
	};
	rootObject = 96894F6A2D9964CE00B71113 /* Project object */;
}
